// !$*UTF8*$!
{
	archiveVersion = 1;
	classes = {
	};
	objectVersion = 60;
	objects = {

/* Begin PBXBuildFile section */
		830785992CE529AF0099CE4C /* NotificationCenter+Name.swift in Sources */ = {isa = PBXBuildFile; fileRef = 830785982CE529AF0099CE4C /* NotificationCenter+Name.swift */; };
		8309DD162CC9303100195D14 /* AnimeCellViewModel.swift in Sources */ = {isa = PBXBuildFile; fileRef = 8309DD152CC9303100195D14 /* AnimeCellViewModel.swift */; };
		830EE3202CA44E7300C309F0 /* User.swift in Sources */ = {isa = PBXBuildFile; fileRef = 830EE31F2CA44E7300C309F0 /* User.swift */; };
		831C33732CA6C91200E0F332 /* UserRate.swift in Sources */ = {isa = PBXBuildFile; fileRef = 831C33722CA6C91200E0F332 /* UserRate.swift */; };
		8323980C2C6B921C00EC4833 /* AppDelegate.swift in Sources */ = {isa = PBXBuildFile; fileRef = 8323980B2C6B921C00EC4833 /* AppDelegate.swift */; };
		8323980E2C6B921C00EC4833 /* SceneDelegate.swift in Sources */ = {isa = PBXBuildFile; fileRef = 8323980D2C6B921C00EC4833 /* SceneDelegate.swift */; };
		832398102C6B921C00EC4833 /* OngoingsCollectionViewController.swift in Sources */ = {isa = PBXBuildFile; fileRef = 8323980F2C6B921C00EC4833 /* OngoingsCollectionViewController.swift */; };
		832398132C6B921C00EC4833 /* Base in Resources */ = {isa = PBXBuildFile; fileRef = 832398122C6B921C00EC4833 /* Base */; };
		832398152C6B921E00EC4833 /* Assets.xcassets in Resources */ = {isa = PBXBuildFile; fileRef = 832398142C6B921E00EC4833 /* Assets.xcassets */; };
		832398182C6B921E00EC4833 /* Base in Resources */ = {isa = PBXBuildFile; fileRef = 832398172C6B921E00EC4833 /* Base */; };
		832398242C6B96E500EC4833 /* Anime.swift in Sources */ = {isa = PBXBuildFile; fileRef = 832398232C6B96E500EC4833 /* Anime.swift */; };
		832398272C6E3D7900EC4833 /* NetworkManager.swift in Sources */ = {isa = PBXBuildFile; fileRef = 832398262C6E3D7800EC4833 /* NetworkManager.swift */; };
		8323982A2C6E569600EC4833 /* AnimeCell.swift in Sources */ = {isa = PBXBuildFile; fileRef = 832398292C6E569600EC4833 /* AnimeCell.swift */; };
		8326C30E2CCFEAC1008E9635 /* AnimePosters.graphql in Resources */ = {isa = PBXBuildFile; fileRef = 8326C30D2CCFEAB2008E9635 /* AnimePosters.graphql */; };
		833418A62CD0295D007EDF63 /* Apollo in Frameworks */ = {isa = PBXBuildFile; productRef = 833418A52CD0295D007EDF63 /* Apollo */; };
		833418A92CD029F4007EDF63 /* Alamofire in Frameworks */ = {isa = PBXBuildFile; productRef = 833418A82CD029F4007EDF63 /* Alamofire */; };
		8353B8052CDCDCEB007CE683 /* UserRateDetailsViewController.swift in Sources */ = {isa = PBXBuildFile; fileRef = 8353B8042CDCDCEB007CE683 /* UserRateDetailsViewController.swift */; };
		8353B8072CDCE257007CE683 /* UserRateDetailsViewModel.swift in Sources */ = {isa = PBXBuildFile; fileRef = 8353B8062CDCE24C007CE683 /* UserRateDetailsViewModel.swift */; };
		836928532CA69FEC00EE7B2A /* OAuthAuthenticator.swift in Sources */ = {isa = PBXBuildFile; fileRef = 836928522CA69FEC00EE7B2A /* OAuthAuthenticator.swift */; };
		836928552CA6A10500EE7B2A /* OAuthToken.swift in Sources */ = {isa = PBXBuildFile; fileRef = 836928542CA6A10500EE7B2A /* OAuthToken.swift */; };
		836AC5432CA6B0EE00F786A2 /* UserDefaults+OAuthToken.swift in Sources */ = {isa = PBXBuildFile; fileRef = 836AC5422CA6B0ED00F786A2 /* UserDefaults+OAuthToken.swift */; };
		83B76A462CD6302800F6639B /* ProfileViewController.swift in Sources */ = {isa = PBXBuildFile; fileRef = 83B76A432CD6302800F6639B /* ProfileViewController.swift */; };
		83B76A472CD6302800F6639B /* ProfileViewModel.swift in Sources */ = {isa = PBXBuildFile; fileRef = 83B76A442CD6302800F6639B /* ProfileViewModel.swift */; };
		83B76A4D2CD6422100F6639B /* AuthManager.swift in Sources */ = {isa = PBXBuildFile; fileRef = 83B76A4C2CD6422100F6639B /* AuthManager.swift */; };
		83B76A542CD6459A00F6639B /* UserRatesViewController.swift in Sources */ = {isa = PBXBuildFile; fileRef = 83B76A532CD6459A00F6639B /* UserRatesViewController.swift */; };
		83B76A562CD645B000F6639B /* UserRatesViewModel.swift in Sources */ = {isa = PBXBuildFile; fileRef = 83B76A552CD645B000F6639B /* UserRatesViewModel.swift */; };
		83B76A582CD651D800F6639B /* UserRatesCell.swift in Sources */ = {isa = PBXBuildFile; fileRef = 83B76A572CD651D800F6639B /* UserRatesCell.swift */; };
		83B76A5A2CD6538A00F6639B /* UserRatesCellViewModel.swift in Sources */ = {isa = PBXBuildFile; fileRef = 83B76A592CD6538A00F6639B /* UserRatesCellViewModel.swift */; };
		83B76A5C2CD67B0400F6639B /* UserRates.graphql in Resources */ = {isa = PBXBuildFile; fileRef = 83B76A5B2CD67ADD00F6639B /* UserRates.graphql */; };
		83BE51292C6F216F00CF0DB8 /* AnimeDetailsViewController.swift in Sources */ = {isa = PBXBuildFile; fileRef = 83BE51282C6F216F00CF0DB8 /* AnimeDetailsViewController.swift */; };
		83C6A03F2CD2A10700BBBFF3 /* AnimeSearch.graphql in Resources */ = {isa = PBXBuildFile; fileRef = 83C6A03E2CD2A0FB00BBBFF3 /* AnimeSearch.graphql */; };
		83C6A0422CD2A35C00BBBFF3 /* ShikimoriAPI in Frameworks */ = {isa = PBXBuildFile; productRef = 83C6A0412CD2A35C00BBBFF3 /* ShikimoriAPI */; };
		83C6A04A2CD4017800BBBFF3 /* GraphQLAuthorizationInterceptor.swift in Sources */ = {isa = PBXBuildFile; fileRef = 83C6A0492CD4017800BBBFF3 /* GraphQLAuthorizationInterceptor.swift */; };
		83D3997C2CCA776000ADDB7A /* SearchCollectionViewController.swift in Sources */ = {isa = PBXBuildFile; fileRef = 83D3997B2CCA776000ADDB7A /* SearchCollectionViewController.swift */; };
		83D3997E2CCA807F00ADDB7A /* SearchViewModel.swift in Sources */ = {isa = PBXBuildFile; fileRef = 83D3997D2CCA807F00ADDB7A /* SearchViewModel.swift */; };
		83D399802CCBE0C400ADDB7A /* OngoingCalendar.swift in Sources */ = {isa = PBXBuildFile; fileRef = 83D3997F2CCBE0C400ADDB7A /* OngoingCalendar.swift */; };
		83D399822CCBF85600ADDB7A /* OngoingCellHeader.swift in Sources */ = {isa = PBXBuildFile; fileRef = 83D399812CCBF85600ADDB7A /* OngoingCellHeader.swift */; };
		83D399842CCBFB0C00ADDB7A /* OngoingCellHeaderViewModel.swift in Sources */ = {isa = PBXBuildFile; fileRef = 83D399832CCBFB0C00ADDB7A /* OngoingCellHeaderViewModel.swift */; };
		83EE3BDB2CD01AB30082B692 /* Kingfisher in Frameworks */ = {isa = PBXBuildFile; productRef = 83EE3BDA2CD01AB30082B692 /* Kingfisher */; };
		83F66ED52CC1AD8000F2F4E3 /* OngoingsViewModel.swift in Sources */ = {isa = PBXBuildFile; fileRef = 83F66ED42CC1AD8000F2F4E3 /* OngoingsViewModel.swift */; };
		83F66ED82CC1B0E900F2F4E3 /* AnimeDetailsViewModel.swift in Sources */ = {isa = PBXBuildFile; fileRef = 83F66ED72CC1B0E900F2F4E3 /* AnimeDetailsViewModel.swift */; };
		83F66EDA2CC2619100F2F4E3 /* AnimeDetails.swift in Sources */ = {isa = PBXBuildFile; fileRef = 83F66ED92CC2619100F2F4E3 /* AnimeDetails.swift */; };
		83F7431B2CD291B30070B098 /* OngoingAnimeCell.swift in Sources */ = {isa = PBXBuildFile; fileRef = 83F7431A2CD291B30070B098 /* OngoingAnimeCell.swift */; };
		83F7431D2CD291D70070B098 /* OngoingAnimeCellViewModel.swift in Sources */ = {isa = PBXBuildFile; fileRef = 83F7431C2CD291D70070B098 /* OngoingAnimeCellViewModel.swift */; };
/* End PBXBuildFile section */

/* Begin PBXFileReference section */
		830785982CE529AF0099CE4C /* NotificationCenter+Name.swift */ = {isa = PBXFileReference; lastKnownFileType = sourcecode.swift; path = "NotificationCenter+Name.swift"; sourceTree = "<group>"; };
		8309DD152CC9303100195D14 /* AnimeCellViewModel.swift */ = {isa = PBXFileReference; lastKnownFileType = sourcecode.swift; path = AnimeCellViewModel.swift; sourceTree = "<group>"; };
		830EE31F2CA44E7300C309F0 /* User.swift */ = {isa = PBXFileReference; lastKnownFileType = sourcecode.swift; path = User.swift; sourceTree = "<group>"; };
		831C33722CA6C91200E0F332 /* UserRate.swift */ = {isa = PBXFileReference; lastKnownFileType = sourcecode.swift; path = UserRate.swift; sourceTree = "<group>"; };
		832398082C6B921C00EC4833 /* Shikimori.app */ = {isa = PBXFileReference; explicitFileType = wrapper.application; includeInIndex = 0; path = Shikimori.app; sourceTree = BUILT_PRODUCTS_DIR; };
		8323980B2C6B921C00EC4833 /* AppDelegate.swift */ = {isa = PBXFileReference; lastKnownFileType = sourcecode.swift; path = AppDelegate.swift; sourceTree = "<group>"; };
		8323980D2C6B921C00EC4833 /* SceneDelegate.swift */ = {isa = PBXFileReference; lastKnownFileType = sourcecode.swift; path = SceneDelegate.swift; sourceTree = "<group>"; };
		8323980F2C6B921C00EC4833 /* OngoingsCollectionViewController.swift */ = {isa = PBXFileReference; lastKnownFileType = sourcecode.swift; path = OngoingsCollectionViewController.swift; sourceTree = "<group>"; };
		832398122C6B921C00EC4833 /* Base */ = {isa = PBXFileReference; lastKnownFileType = file.storyboard; name = Base; path = Base.lproj/Main.storyboard; sourceTree = "<group>"; };
		832398142C6B921E00EC4833 /* Assets.xcassets */ = {isa = PBXFileReference; lastKnownFileType = folder.assetcatalog; path = Assets.xcassets; sourceTree = "<group>"; };
		832398172C6B921E00EC4833 /* Base */ = {isa = PBXFileReference; lastKnownFileType = file.storyboard; name = Base; path = Base.lproj/LaunchScreen.storyboard; sourceTree = "<group>"; };
		832398192C6B921E00EC4833 /* Info.plist */ = {isa = PBXFileReference; lastKnownFileType = text.plist.xml; path = Info.plist; sourceTree = "<group>"; };
		832398232C6B96E500EC4833 /* Anime.swift */ = {isa = PBXFileReference; lastKnownFileType = sourcecode.swift; path = Anime.swift; sourceTree = "<group>"; };
		832398262C6E3D7800EC4833 /* NetworkManager.swift */ = {isa = PBXFileReference; lastKnownFileType = sourcecode.swift; path = NetworkManager.swift; sourceTree = "<group>"; };
		832398292C6E569600EC4833 /* AnimeCell.swift */ = {isa = PBXFileReference; lastKnownFileType = sourcecode.swift; path = AnimeCell.swift; sourceTree = "<group>"; };
		8326C30D2CCFEAB2008E9635 /* AnimePosters.graphql */ = {isa = PBXFileReference; lastKnownFileType = text; path = AnimePosters.graphql; sourceTree = "<group>"; };
		8353B8042CDCDCEB007CE683 /* UserRateDetailsViewController.swift */ = {isa = PBXFileReference; lastKnownFileType = sourcecode.swift; path = UserRateDetailsViewController.swift; sourceTree = "<group>"; };
		8353B8062CDCE24C007CE683 /* UserRateDetailsViewModel.swift */ = {isa = PBXFileReference; lastKnownFileType = sourcecode.swift; path = UserRateDetailsViewModel.swift; sourceTree = "<group>"; };
		836928522CA69FEC00EE7B2A /* OAuthAuthenticator.swift */ = {isa = PBXFileReference; lastKnownFileType = sourcecode.swift; path = OAuthAuthenticator.swift; sourceTree = "<group>"; };
		836928542CA6A10500EE7B2A /* OAuthToken.swift */ = {isa = PBXFileReference; lastKnownFileType = sourcecode.swift; path = OAuthToken.swift; sourceTree = "<group>"; };
		836AC5422CA6B0ED00F786A2 /* UserDefaults+OAuthToken.swift */ = {isa = PBXFileReference; lastKnownFileType = sourcecode.swift; path = "UserDefaults+OAuthToken.swift"; sourceTree = "<group>"; };
		83B76A432CD6302800F6639B /* ProfileViewController.swift */ = {isa = PBXFileReference; lastKnownFileType = sourcecode.swift; path = ProfileViewController.swift; sourceTree = "<group>"; };
		83B76A442CD6302800F6639B /* ProfileViewModel.swift */ = {isa = PBXFileReference; lastKnownFileType = sourcecode.swift; path = ProfileViewModel.swift; sourceTree = "<group>"; };
		83B76A4C2CD6422100F6639B /* AuthManager.swift */ = {isa = PBXFileReference; lastKnownFileType = sourcecode.swift; path = AuthManager.swift; sourceTree = "<group>"; };
		83B76A532CD6459A00F6639B /* UserRatesViewController.swift */ = {isa = PBXFileReference; lastKnownFileType = sourcecode.swift; path = UserRatesViewController.swift; sourceTree = "<group>"; };
		83B76A552CD645B000F6639B /* UserRatesViewModel.swift */ = {isa = PBXFileReference; lastKnownFileType = sourcecode.swift; path = UserRatesViewModel.swift; sourceTree = "<group>"; };
		83B76A572CD651D800F6639B /* UserRatesCell.swift */ = {isa = PBXFileReference; lastKnownFileType = sourcecode.swift; path = UserRatesCell.swift; sourceTree = "<group>"; };
		83B76A592CD6538A00F6639B /* UserRatesCellViewModel.swift */ = {isa = PBXFileReference; lastKnownFileType = sourcecode.swift; path = UserRatesCellViewModel.swift; sourceTree = "<group>"; };
		83B76A5B2CD67ADD00F6639B /* UserRates.graphql */ = {isa = PBXFileReference; lastKnownFileType = text; path = UserRates.graphql; sourceTree = "<group>"; };
		83BE51282C6F216F00CF0DB8 /* AnimeDetailsViewController.swift */ = {isa = PBXFileReference; lastKnownFileType = sourcecode.swift; path = AnimeDetailsViewController.swift; sourceTree = "<group>"; };
		83C6A03E2CD2A0FB00BBBFF3 /* AnimeSearch.graphql */ = {isa = PBXFileReference; lastKnownFileType = text; path = AnimeSearch.graphql; sourceTree = "<group>"; };
		83C6A0492CD4017800BBBFF3 /* GraphQLAuthorizationInterceptor.swift */ = {isa = PBXFileReference; lastKnownFileType = sourcecode.swift; path = GraphQLAuthorizationInterceptor.swift; sourceTree = "<group>"; };
		83D3997B2CCA776000ADDB7A /* SearchCollectionViewController.swift */ = {isa = PBXFileReference; lastKnownFileType = sourcecode.swift; path = SearchCollectionViewController.swift; sourceTree = "<group>"; };
		83D3997D2CCA807F00ADDB7A /* SearchViewModel.swift */ = {isa = PBXFileReference; lastKnownFileType = sourcecode.swift; path = SearchViewModel.swift; sourceTree = "<group>"; };
		83D3997F2CCBE0C400ADDB7A /* OngoingCalendar.swift */ = {isa = PBXFileReference; lastKnownFileType = sourcecode.swift; path = OngoingCalendar.swift; sourceTree = "<group>"; };
		83D399812CCBF85600ADDB7A /* OngoingCellHeader.swift */ = {isa = PBXFileReference; lastKnownFileType = sourcecode.swift; path = OngoingCellHeader.swift; sourceTree = "<group>"; };
		83D399832CCBFB0C00ADDB7A /* OngoingCellHeaderViewModel.swift */ = {isa = PBXFileReference; lastKnownFileType = sourcecode.swift; path = OngoingCellHeaderViewModel.swift; sourceTree = "<group>"; };
		83F66ED42CC1AD8000F2F4E3 /* OngoingsViewModel.swift */ = {isa = PBXFileReference; lastKnownFileType = sourcecode.swift; path = OngoingsViewModel.swift; sourceTree = "<group>"; };
		83F66ED72CC1B0E900F2F4E3 /* AnimeDetailsViewModel.swift */ = {isa = PBXFileReference; lastKnownFileType = sourcecode.swift; path = AnimeDetailsViewModel.swift; sourceTree = "<group>"; };
		83F66ED92CC2619100F2F4E3 /* AnimeDetails.swift */ = {isa = PBXFileReference; lastKnownFileType = sourcecode.swift; path = AnimeDetails.swift; sourceTree = "<group>"; };
		83F7431A2CD291B30070B098 /* OngoingAnimeCell.swift */ = {isa = PBXFileReference; lastKnownFileType = sourcecode.swift; path = OngoingAnimeCell.swift; sourceTree = "<group>"; };
		83F7431C2CD291D70070B098 /* OngoingAnimeCellViewModel.swift */ = {isa = PBXFileReference; lastKnownFileType = sourcecode.swift; path = OngoingAnimeCellViewModel.swift; sourceTree = "<group>"; };
/* End PBXFileReference section */

/* Begin PBXFrameworksBuildPhase section */
		832398052C6B921C00EC4833 /* Frameworks */ = {
			isa = PBXFrameworksBuildPhase;
			buildActionMask = 2147483647;
			files = (
				833418A92CD029F4007EDF63 /* Alamofire in Frameworks */,
				83C6A0422CD2A35C00BBBFF3 /* ShikimoriAPI in Frameworks */,
				83EE3BDB2CD01AB30082B692 /* Kingfisher in Frameworks */,
				833418A62CD0295D007EDF63 /* Apollo in Frameworks */,
			);
			runOnlyForDeploymentPostprocessing = 0;
		};
/* End PBXFrameworksBuildPhase section */

/* Begin PBXGroup section */
		8309DD132CC9300000195D14 /* AnimeCell */ = {
			isa = PBXGroup;
			children = (
				832398292C6E569600EC4833 /* AnimeCell.swift */,
				8309DD152CC9303100195D14 /* AnimeCellViewModel.swift */,
			);
			path = AnimeCell;
			sourceTree = "<group>";
		};
		8319668F2CCFE46C000F7529 /* GraphQL */ = {
			isa = PBXGroup;
			children = (
				83B76A5B2CD67ADD00F6639B /* UserRates.graphql */,
				83C6A03E2CD2A0FB00BBBFF3 /* AnimeSearch.graphql */,
				8326C30D2CCFEAB2008E9635 /* AnimePosters.graphql */,
			);
			path = GraphQL;
			sourceTree = "<group>";
		};
		832397FF2C6B921C00EC4833 = {
			isa = PBXGroup;
			children = (
				8323980A2C6B921C00EC4833 /* ShikimoriAnimeList */,
				832398092C6B921C00EC4833 /* Products */,
			);
			sourceTree = "<group>";
		};
		832398092C6B921C00EC4833 /* Products */ = {
			isa = PBXGroup;
			children = (
				832398082C6B921C00EC4833 /* Shikimori.app */,
			);
			name = Products;
			sourceTree = "<group>";
		};
		8323980A2C6B921C00EC4833 /* ShikimoriAnimeList */ = {
			isa = PBXGroup;
			children = (
				83B76A4E2CD6450000F6639B /* UserRates */,
				8353B8032CDCDC5C007CE683 /* UserRateDetails */,
				83D3997A2CCA723400ADDB7A /* Search */,
				83F66ED32CC1ACC500F2F4E3 /* Ongoings */,
				83F66ED62CC1B08600F2F4E3 /* AnimeDetails */,
				8309DD132CC9300000195D14 /* AnimeCell */,
				83B76A452CD6302800F6639B /* Profile */,
				832398212C6B926500EC4833 /* Storyboards */,
				832398222C6B929000EC4833 /* Models */,
				832398252C6E3D2400EC4833 /* Services */,
				8323981F2C6B924D00EC4833 /* App */,
				832398142C6B921E00EC4833 /* Assets.xcassets */,
			);
			path = ShikimoriAnimeList;
			sourceTree = "<group>";
		};
		8323981F2C6B924D00EC4833 /* App */ = {
			isa = PBXGroup;
			children = (
				8323980B2C6B921C00EC4833 /* AppDelegate.swift */,
				8323980D2C6B921C00EC4833 /* SceneDelegate.swift */,
				836AC5422CA6B0ED00F786A2 /* UserDefaults+OAuthToken.swift */,
				830785982CE529AF0099CE4C /* NotificationCenter+Name.swift */,
				832398192C6B921E00EC4833 /* Info.plist */,
			);
			path = App;
			sourceTree = "<group>";
		};
		832398212C6B926500EC4833 /* Storyboards */ = {
			isa = PBXGroup;
			children = (
				832398112C6B921C00EC4833 /* Main.storyboard */,
				832398162C6B921E00EC4833 /* LaunchScreen.storyboard */,
			);
			path = Storyboards;
			sourceTree = "<group>";
		};
		832398222C6B929000EC4833 /* Models */ = {
			isa = PBXGroup;
			children = (
				832398232C6B96E500EC4833 /* Anime.swift */,
				83F66ED92CC2619100F2F4E3 /* AnimeDetails.swift */,
				830EE31F2CA44E7300C309F0 /* User.swift */,
				836928542CA6A10500EE7B2A /* OAuthToken.swift */,
				831C33722CA6C91200E0F332 /* UserRate.swift */,
				83D3997F2CCBE0C400ADDB7A /* OngoingCalendar.swift */,
			);
			path = Models;
			sourceTree = "<group>";
		};
		832398252C6E3D2400EC4833 /* Services */ = {
			isa = PBXGroup;
			children = (
				8319668F2CCFE46C000F7529 /* GraphQL */,
				832398262C6E3D7800EC4833 /* NetworkManager.swift */,
				836928522CA69FEC00EE7B2A /* OAuthAuthenticator.swift */,
				83C6A0492CD4017800BBBFF3 /* GraphQLAuthorizationInterceptor.swift */,
				83B76A4C2CD6422100F6639B /* AuthManager.swift */,
			);
			path = Services;
			sourceTree = "<group>";
		};
		8353B8032CDCDC5C007CE683 /* UserRateDetails */ = {
			isa = PBXGroup;
			children = (
				8353B8042CDCDCEB007CE683 /* UserRateDetailsViewController.swift */,
				8353B8062CDCE24C007CE683 /* UserRateDetailsViewModel.swift */,
			);
			path = UserRateDetails;
			sourceTree = "<group>";
		};
		83B76A452CD6302800F6639B /* Profile */ = {
			isa = PBXGroup;
			children = (
				83B76A432CD6302800F6639B /* ProfileViewController.swift */,
				83B76A442CD6302800F6639B /* ProfileViewModel.swift */,
			);
			path = Profile;
			sourceTree = "<group>";
		};
		83B76A4E2CD6450000F6639B /* UserRates */ = {
			isa = PBXGroup;
			children = (
				83B76A532CD6459A00F6639B /* UserRatesViewController.swift */,
				83B76A552CD645B000F6639B /* UserRatesViewModel.swift */,
				83B76A572CD651D800F6639B /* UserRatesCell.swift */,
				83B76A592CD6538A00F6639B /* UserRatesCellViewModel.swift */,
			);
			path = UserRates;
			sourceTree = "<group>";
		};
		83D3997A2CCA723400ADDB7A /* Search */ = {
			isa = PBXGroup;
			children = (
				83D3997B2CCA776000ADDB7A /* SearchCollectionViewController.swift */,
				83D3997D2CCA807F00ADDB7A /* SearchViewModel.swift */,
			);
			path = Search;
			sourceTree = "<group>";
		};
		83F66ED32CC1ACC500F2F4E3 /* Ongoings */ = {
			isa = PBXGroup;
			children = (
				8323980F2C6B921C00EC4833 /* OngoingsCollectionViewController.swift */,
				83F66ED42CC1AD8000F2F4E3 /* OngoingsViewModel.swift */,
				83D399812CCBF85600ADDB7A /* OngoingCellHeader.swift */,
				83D399832CCBFB0C00ADDB7A /* OngoingCellHeaderViewModel.swift */,
				83F7431A2CD291B30070B098 /* OngoingAnimeCell.swift */,
				83F7431C2CD291D70070B098 /* OngoingAnimeCellViewModel.swift */,
			);
			path = Ongoings;
			sourceTree = "<group>";
		};
		83F66ED62CC1B08600F2F4E3 /* AnimeDetails */ = {
			isa = PBXGroup;
			children = (
				83BE51282C6F216F00CF0DB8 /* AnimeDetailsViewController.swift */,
				83F66ED72CC1B0E900F2F4E3 /* AnimeDetailsViewModel.swift */,
			);
			path = AnimeDetails;
			sourceTree = "<group>";
		};
/* End PBXGroup section */

/* Begin PBXNativeTarget section */
		832398072C6B921C00EC4833 /* ShikimoriAnimeList */ = {
			isa = PBXNativeTarget;
			buildConfigurationList = 8323981C2C6B921E00EC4833 /* Build configuration list for PBXNativeTarget "ShikimoriAnimeList" */;
			buildPhases = (
				832398042C6B921C00EC4833 /* Sources */,
				832398052C6B921C00EC4833 /* Frameworks */,
				832398062C6B921C00EC4833 /* Resources */,
			);
			buildRules = (
			);
			dependencies = (
			);
			name = ShikimoriAnimeList;
			packageProductDependencies = (
				83EE3BDA2CD01AB30082B692 /* Kingfisher */,
				833418A52CD0295D007EDF63 /* Apollo */,
				833418A82CD029F4007EDF63 /* Alamofire */,
				83C6A0412CD2A35C00BBBFF3 /* ShikimoriAPI */,
			);
			productName = ShikimoriAnimeList;
			productReference = 832398082C6B921C00EC4833 /* Shikimori.app */;
			productType = "com.apple.product-type.application";
		};
/* End PBXNativeTarget section */

/* Begin PBXProject section */
		832398002C6B921C00EC4833 /* Project object */ = {
			isa = PBXProject;
			attributes = {
				BuildIndependentTargetsInParallel = 1;
				LastSwiftUpdateCheck = 1540;
				LastUpgradeCheck = 1540;
				TargetAttributes = {
					832398072C6B921C00EC4833 = {
						CreatedOnToolsVersion = 15.4;
					};
				};
			};
			buildConfigurationList = 832398032C6B921C00EC4833 /* Build configuration list for PBXProject "ShikimoriAnimeList" */;
			compatibilityVersion = "Xcode 14.0";
			developmentRegion = en;
			hasScannedForEncodings = 0;
			knownRegions = (
				en,
				Base,
			);
			mainGroup = 832397FF2C6B921C00EC4833;
			packageReferences = (
				83EE3BD92CD01AB30082B692 /* XCRemoteSwiftPackageReference "Kingfisher" */,
				833418A42CD0295D007EDF63 /* XCRemoteSwiftPackageReference "apollo-ios" */,
				833418A72CD029F4007EDF63 /* XCRemoteSwiftPackageReference "Alamofire" */,
				83C6A0402CD2A35C00BBBFF3 /* XCLocalSwiftPackageReference "ShikimoriAPI" */,
			);
			productRefGroup = 832398092C6B921C00EC4833 /* Products */;
			projectDirPath = "";
			projectRoot = "";
			targets = (
				832398072C6B921C00EC4833 /* ShikimoriAnimeList */,
			);
		};
/* End PBXProject section */

/* Begin PBXResourcesBuildPhase section */
		832398062C6B921C00EC4833 /* Resources */ = {
			isa = PBXResourcesBuildPhase;
			buildActionMask = 2147483647;
			files = (
				83B76A5C2CD67B0400F6639B /* UserRates.graphql in Resources */,
				8326C30E2CCFEAC1008E9635 /* AnimePosters.graphql in Resources */,
				832398152C6B921E00EC4833 /* Assets.xcassets in Resources */,
				83C6A03F2CD2A10700BBBFF3 /* AnimeSearch.graphql in Resources */,
				832398182C6B921E00EC4833 /* Base in Resources */,
				832398132C6B921C00EC4833 /* Base in Resources */,
			);
			runOnlyForDeploymentPostprocessing = 0;
		};
/* End PBXResourcesBuildPhase section */

/* Begin PBXSourcesBuildPhase section */
		832398042C6B921C00EC4833 /* Sources */ = {
			isa = PBXSourcesBuildPhase;
			buildActionMask = 2147483647;
			files = (
				83B76A5A2CD6538A00F6639B /* UserRatesCellViewModel.swift in Sources */,
				83F66ED52CC1AD8000F2F4E3 /* OngoingsViewModel.swift in Sources */,
				83D3997C2CCA776000ADDB7A /* SearchCollectionViewController.swift in Sources */,
				832398242C6B96E500EC4833 /* Anime.swift in Sources */,
				83D399802CCBE0C400ADDB7A /* OngoingCalendar.swift in Sources */,
				83F66ED82CC1B0E900F2F4E3 /* AnimeDetailsViewModel.swift in Sources */,
				8309DD162CC9303100195D14 /* AnimeCellViewModel.swift in Sources */,
				832398102C6B921C00EC4833 /* OngoingsCollectionViewController.swift in Sources */,
				83D3997E2CCA807F00ADDB7A /* SearchViewModel.swift in Sources */,
				8323982A2C6E569600EC4833 /* AnimeCell.swift in Sources */,
				832398272C6E3D7900EC4833 /* NetworkManager.swift in Sources */,
				83B76A4D2CD6422100F6639B /* AuthManager.swift in Sources */,
				83D399842CCBFB0C00ADDB7A /* OngoingCellHeaderViewModel.swift in Sources */,
				836AC5432CA6B0EE00F786A2 /* UserDefaults+OAuthToken.swift in Sources */,
				83D399822CCBF85600ADDB7A /* OngoingCellHeader.swift in Sources */,
				830EE3202CA44E7300C309F0 /* User.swift in Sources */,
				83BE51292C6F216F00CF0DB8 /* AnimeDetailsViewController.swift in Sources */,
				831C33732CA6C91200E0F332 /* UserRate.swift in Sources */,
				8353B8072CDCE257007CE683 /* UserRateDetailsViewModel.swift in Sources */,
				83B76A542CD6459A00F6639B /* UserRatesViewController.swift in Sources */,
				836928532CA69FEC00EE7B2A /* OAuthAuthenticator.swift in Sources */,
				8323980C2C6B921C00EC4833 /* AppDelegate.swift in Sources */,
				83F7431B2CD291B30070B098 /* OngoingAnimeCell.swift in Sources */,
				83B76A462CD6302800F6639B /* ProfileViewController.swift in Sources */,
				83B76A472CD6302800F6639B /* ProfileViewModel.swift in Sources */,
				83F66EDA2CC2619100F2F4E3 /* AnimeDetails.swift in Sources */,
				8323980E2C6B921C00EC4833 /* SceneDelegate.swift in Sources */,
				836928552CA6A10500EE7B2A /* OAuthToken.swift in Sources */,
				83B76A582CD651D800F6639B /* UserRatesCell.swift in Sources */,
				83F7431D2CD291D70070B098 /* OngoingAnimeCellViewModel.swift in Sources */,
				83C6A04A2CD4017800BBBFF3 /* GraphQLAuthorizationInterceptor.swift in Sources */,
				8353B8052CDCDCEB007CE683 /* UserRateDetailsViewController.swift in Sources */,
				830785992CE529AF0099CE4C /* NotificationCenter+Name.swift in Sources */,
				83B76A562CD645B000F6639B /* UserRatesViewModel.swift in Sources */,
			);
			runOnlyForDeploymentPostprocessing = 0;
		};
/* End PBXSourcesBuildPhase section */

/* Begin PBXVariantGroup section */
		832398112C6B921C00EC4833 /* Main.storyboard */ = {
			isa = PBXVariantGroup;
			children = (
				832398122C6B921C00EC4833 /* Base */,
			);
			name = Main.storyboard;
			sourceTree = "<group>";
		};
		832398162C6B921E00EC4833 /* LaunchScreen.storyboard */ = {
			isa = PBXVariantGroup;
			children = (
				832398172C6B921E00EC4833 /* Base */,
			);
			name = LaunchScreen.storyboard;
			sourceTree = "<group>";
		};
/* End PBXVariantGroup section */

/* Begin XCBuildConfiguration section */
		8323981A2C6B921E00EC4833 /* Debug */ = {
			isa = XCBuildConfiguration;
			buildSettings = {
				ALWAYS_SEARCH_USER_PATHS = NO;
				ASSETCATALOG_COMPILER_GENERATE_SWIFT_ASSET_SYMBOL_EXTENSIONS = YES;
				CLANG_ANALYZER_NONNULL = YES;
				CLANG_ANALYZER_NUMBER_OBJECT_CONVERSION = YES_AGGRESSIVE;
				CLANG_CXX_LANGUAGE_STANDARD = "gnu++20";
				CLANG_ENABLE_MODULES = YES;
				CLANG_ENABLE_OBJC_ARC = YES;
				CLANG_ENABLE_OBJC_WEAK = YES;
				CLANG_WARN_BLOCK_CAPTURE_AUTORELEASING = YES;
				CLANG_WARN_BOOL_CONVERSION = YES;
				CLANG_WARN_COMMA = YES;
				CLANG_WARN_CONSTANT_CONVERSION = YES;
				CLANG_WARN_DEPRECATED_OBJC_IMPLEMENTATIONS = YES;
				CLANG_WARN_DIRECT_OBJC_ISA_USAGE = YES_ERROR;
				CLANG_WARN_DOCUMENTATION_COMMENTS = YES;
				CLANG_WARN_EMPTY_BODY = YES;
				CLANG_WARN_ENUM_CONVERSION = YES;
				CLANG_WARN_INFINITE_RECURSION = YES;
				CLANG_WARN_INT_CONVERSION = YES;
				CLANG_WARN_NON_LITERAL_NULL_CONVERSION = YES;
				CLANG_WARN_OBJC_IMPLICIT_RETAIN_SELF = YES;
				CLANG_WARN_OBJC_LITERAL_CONVERSION = YES;
				CLANG_WARN_OBJC_ROOT_CLASS = YES_ERROR;
				CLANG_WARN_QUOTED_INCLUDE_IN_FRAMEWORK_HEADER = YES;
				CLANG_WARN_RANGE_LOOP_ANALYSIS = YES;
				CLANG_WARN_STRICT_PROTOTYPES = YES;
				CLANG_WARN_SUSPICIOUS_MOVE = YES;
				CLANG_WARN_UNGUARDED_AVAILABILITY = YES_AGGRESSIVE;
				CLANG_WARN_UNREACHABLE_CODE = YES;
				CLANG_WARN__DUPLICATE_METHOD_MATCH = YES;
				COPY_PHASE_STRIP = NO;
				DEBUG_INFORMATION_FORMAT = dwarf;
				ENABLE_STRICT_OBJC_MSGSEND = YES;
				ENABLE_TESTABILITY = YES;
				ENABLE_USER_SCRIPT_SANDBOXING = YES;
				GCC_C_LANGUAGE_STANDARD = gnu17;
				GCC_DYNAMIC_NO_PIC = NO;
				GCC_NO_COMMON_BLOCKS = YES;
				GCC_OPTIMIZATION_LEVEL = 0;
				GCC_PREPROCESSOR_DEFINITIONS = (
					"DEBUG=1",
					"$(inherited)",
				);
				GCC_WARN_64_TO_32_BIT_CONVERSION = YES;
				GCC_WARN_ABOUT_RETURN_TYPE = YES_ERROR;
				GCC_WARN_UNDECLARED_SELECTOR = YES;
				GCC_WARN_UNINITIALIZED_AUTOS = YES_AGGRESSIVE;
				GCC_WARN_UNUSED_FUNCTION = YES;
				GCC_WARN_UNUSED_VARIABLE = YES;
				IPHONEOS_DEPLOYMENT_TARGET = 18.0;
				LOCALIZATION_PREFERS_STRING_CATALOGS = YES;
				MTL_ENABLE_DEBUG_INFO = INCLUDE_SOURCE;
				MTL_FAST_MATH = YES;
				ONLY_ACTIVE_ARCH = YES;
				SDKROOT = iphoneos;
				SWIFT_ACTIVE_COMPILATION_CONDITIONS = "DEBUG $(inherited)";
				SWIFT_OPTIMIZATION_LEVEL = "-Onone";
			};
			name = Debug;
		};
		8323981B2C6B921E00EC4833 /* Release */ = {
			isa = XCBuildConfiguration;
			buildSettings = {
				ALWAYS_SEARCH_USER_PATHS = NO;
				ASSETCATALOG_COMPILER_GENERATE_SWIFT_ASSET_SYMBOL_EXTENSIONS = YES;
				CLANG_ANALYZER_NONNULL = YES;
				CLANG_ANALYZER_NUMBER_OBJECT_CONVERSION = YES_AGGRESSIVE;
				CLANG_CXX_LANGUAGE_STANDARD = "gnu++20";
				CLANG_ENABLE_MODULES = YES;
				CLANG_ENABLE_OBJC_ARC = YES;
				CLANG_ENABLE_OBJC_WEAK = YES;
				CLANG_WARN_BLOCK_CAPTURE_AUTORELEASING = YES;
				CLANG_WARN_BOOL_CONVERSION = YES;
				CLANG_WARN_COMMA = YES;
				CLANG_WARN_CONSTANT_CONVERSION = YES;
				CLANG_WARN_DEPRECATED_OBJC_IMPLEMENTATIONS = YES;
				CLANG_WARN_DIRECT_OBJC_ISA_USAGE = YES_ERROR;
				CLANG_WARN_DOCUMENTATION_COMMENTS = YES;
				CLANG_WARN_EMPTY_BODY = YES;
				CLANG_WARN_ENUM_CONVERSION = YES;
				CLANG_WARN_INFINITE_RECURSION = YES;
				CLANG_WARN_INT_CONVERSION = YES;
				CLANG_WARN_NON_LITERAL_NULL_CONVERSION = YES;
				CLANG_WARN_OBJC_IMPLICIT_RETAIN_SELF = YES;
				CLANG_WARN_OBJC_LITERAL_CONVERSION = YES;
				CLANG_WARN_OBJC_ROOT_CLASS = YES_ERROR;
				CLANG_WARN_QUOTED_INCLUDE_IN_FRAMEWORK_HEADER = YES;
				CLANG_WARN_RANGE_LOOP_ANALYSIS = YES;
				CLANG_WARN_STRICT_PROTOTYPES = YES;
				CLANG_WARN_SUSPICIOUS_MOVE = YES;
				CLANG_WARN_UNGUARDED_AVAILABILITY = YES_AGGRESSIVE;
				CLANG_WARN_UNREACHABLE_CODE = YES;
				CLANG_WARN__DUPLICATE_METHOD_MATCH = YES;
				COPY_PHASE_STRIP = NO;
				DEBUG_INFORMATION_FORMAT = "dwarf-with-dsym";
				ENABLE_NS_ASSERTIONS = NO;
				ENABLE_STRICT_OBJC_MSGSEND = YES;
				ENABLE_USER_SCRIPT_SANDBOXING = YES;
				GCC_C_LANGUAGE_STANDARD = gnu17;
				GCC_NO_COMMON_BLOCKS = YES;
				GCC_WARN_64_TO_32_BIT_CONVERSION = YES;
				GCC_WARN_ABOUT_RETURN_TYPE = YES_ERROR;
				GCC_WARN_UNDECLARED_SELECTOR = YES;
				GCC_WARN_UNINITIALIZED_AUTOS = YES_AGGRESSIVE;
				GCC_WARN_UNUSED_FUNCTION = YES;
				GCC_WARN_UNUSED_VARIABLE = YES;
				IPHONEOS_DEPLOYMENT_TARGET = 18.0;
				LOCALIZATION_PREFERS_STRING_CATALOGS = YES;
				MTL_ENABLE_DEBUG_INFO = NO;
				MTL_FAST_MATH = YES;
				SDKROOT = iphoneos;
				SWIFT_COMPILATION_MODE = wholemodule;
				VALIDATE_PRODUCT = YES;
			};
			name = Release;
		};
		8323981D2C6B921E00EC4833 /* Debug */ = {
			isa = XCBuildConfiguration;
			buildSettings = {
				ASSETCATALOG_COMPILER_APPICON_NAME = AppIcon;
				ASSETCATALOG_COMPILER_GLOBAL_ACCENT_COLOR_NAME = AccentColor;
				CODE_SIGN_STYLE = Automatic;
				CURRENT_PROJECT_VERSION = 1;
				DEVELOPMENT_TEAM = 8CFG5L5X2R;
				GENERATE_INFOPLIST_FILE = YES;
				INFOPLIST_FILE = ShikimoriAnimeList/App/Info.plist;
				INFOPLIST_KEY_UIApplicationSupportsIndirectInputEvents = YES;
				INFOPLIST_KEY_UILaunchStoryboardName = LaunchScreen;
				INFOPLIST_KEY_UIMainStoryboardFile = Main;
				INFOPLIST_KEY_UISupportedInterfaceOrientations = UIInterfaceOrientationPortrait;
				INFOPLIST_KEY_UISupportedInterfaceOrientations_iPad = "UIInterfaceOrientationLandscapeLeft UIInterfaceOrientationLandscapeRight UIInterfaceOrientationPortrait UIInterfaceOrientationPortraitUpsideDown";
				IPHONEOS_DEPLOYMENT_TARGET = 16.6;
				LD_RUNPATH_SEARCH_PATHS = (
					"$(inherited)",
					"@executable_path/Frameworks",
				);
				MARKETING_VERSION = 1.0;
				PRODUCT_BUNDLE_IDENTIFIER = umnov.ShikimoriAnimeList;
				PRODUCT_NAME = Shikimori;
				SUPPORTED_PLATFORMS = "iphoneos iphonesimulator";
				SUPPORTS_MACCATALYST = NO;
				SUPPORTS_MAC_DESIGNED_FOR_IPHONE_IPAD = NO;
				SUPPORTS_XR_DESIGNED_FOR_IPHONE_IPAD = NO;
				SWIFT_EMIT_LOC_STRINGS = YES;
				SWIFT_VERSION = 5.0;
				TARGETED_DEVICE_FAMILY = 1;
			};
			name = Debug;
		};
		8323981E2C6B921E00EC4833 /* Release */ = {
			isa = XCBuildConfiguration;
			buildSettings = {
				ASSETCATALOG_COMPILER_APPICON_NAME = AppIcon;
				ASSETCATALOG_COMPILER_GLOBAL_ACCENT_COLOR_NAME = AccentColor;
				CODE_SIGN_STYLE = Automatic;
				CURRENT_PROJECT_VERSION = 1;
				DEVELOPMENT_TEAM = 8CFG5L5X2R;
				GENERATE_INFOPLIST_FILE = YES;
				INFOPLIST_FILE = ShikimoriAnimeList/App/Info.plist;
				INFOPLIST_KEY_UIApplicationSupportsIndirectInputEvents = YES;
				INFOPLIST_KEY_UILaunchStoryboardName = LaunchScreen;
				INFOPLIST_KEY_UIMainStoryboardFile = Main;
				INFOPLIST_KEY_UISupportedInterfaceOrientations = UIInterfaceOrientationPortrait;
				INFOPLIST_KEY_UISupportedInterfaceOrientations_iPad = "UIInterfaceOrientationLandscapeLeft UIInterfaceOrientationLandscapeRight UIInterfaceOrientationPortrait UIInterfaceOrientationPortraitUpsideDown";
				IPHONEOS_DEPLOYMENT_TARGET = 16.6;
				LD_RUNPATH_SEARCH_PATHS = (
					"$(inherited)",
					"@executable_path/Frameworks",
				);
				MARKETING_VERSION = 1.0;
				PRODUCT_BUNDLE_IDENTIFIER = umnov.ShikimoriAnimeList;
				PRODUCT_NAME = Shikimori;
				SUPPORTED_PLATFORMS = "iphoneos iphonesimulator";
				SUPPORTS_MACCATALYST = NO;
				SUPPORTS_MAC_DESIGNED_FOR_IPHONE_IPAD = NO;
				SUPPORTS_XR_DESIGNED_FOR_IPHONE_IPAD = NO;
				SWIFT_EMIT_LOC_STRINGS = YES;
				SWIFT_VERSION = 5.0;
				TARGETED_DEVICE_FAMILY = 1;
			};
			name = Release;
		};
/* End XCBuildConfiguration section */

/* Begin XCConfigurationList section */
		832398032C6B921C00EC4833 /* Build configuration list for PBXProject "ShikimoriAnimeList" */ = {
			isa = XCConfigurationList;
			buildConfigurations = (
				8323981A2C6B921E00EC4833 /* Debug */,
				8323981B2C6B921E00EC4833 /* Release */,
			);
			defaultConfigurationIsVisible = 0;
			defaultConfigurationName = Release;
		};
		8323981C2C6B921E00EC4833 /* Build configuration list for PBXNativeTarget "ShikimoriAnimeList" */ = {
			isa = XCConfigurationList;
			buildConfigurations = (
				8323981D2C6B921E00EC4833 /* Debug */,
				8323981E2C6B921E00EC4833 /* Release */,
			);
			defaultConfigurationIsVisible = 0;
			defaultConfigurationName = Release;
		};
/* End XCConfigurationList section */

/* Begin XCLocalSwiftPackageReference section */
		83C6A0402CD2A35C00BBBFF3 /* XCLocalSwiftPackageReference "ShikimoriAPI" */ = {
			isa = XCLocalSwiftPackageReference;
			relativePath = ShikimoriAPI;
		};
/* End XCLocalSwiftPackageReference section */

/* Begin XCRemoteSwiftPackageReference section */
		833418A42CD0295D007EDF63 /* XCRemoteSwiftPackageReference "apollo-ios" */ = {
			isa = XCRemoteSwiftPackageReference;
			repositoryURL = "https://github.com/apollographql/apollo-ios.git";
			requirement = {
				kind = upToNextMajorVersion;
				minimumVersion = 1.15.2;
			};
		};
		833418A72CD029F4007EDF63 /* XCRemoteSwiftPackageReference "Alamofire" */ = {
			isa = XCRemoteSwiftPackageReference;
			repositoryURL = "https://github.com/Alamofire/Alamofire.git";
			requirement = {
				kind = upToNextMajorVersion;
				minimumVersion = 5.10.1;
			};
		};
		83EE3BD92CD01AB30082B692 /* XCRemoteSwiftPackageReference "Kingfisher" */ = {
			isa = XCRemoteSwiftPackageReference;
			repositoryURL = "https://github.com/onevcat/Kingfisher.git";
			requirement = {
				kind = upToNextMajorVersion;
				minimumVersion = 8.1.0;
			};
		};
/* End XCRemoteSwiftPackageReference section */

/* Begin XCSwiftPackageProductDependency section */
		833418A52CD0295D007EDF63 /* Apollo */ = {
			isa = XCSwiftPackageProductDependency;
			package = 833418A42CD0295D007EDF63 /* XCRemoteSwiftPackageReference "apollo-ios" */;
			productName = Apollo;
		};
		833418A82CD029F4007EDF63 /* Alamofire */ = {
			isa = XCSwiftPackageProductDependency;
			package = 833418A72CD029F4007EDF63 /* XCRemoteSwiftPackageReference "Alamofire" */;
			productName = Alamofire;
		};
		83C6A0412CD2A35C00BBBFF3 /* ShikimoriAPI */ = {
			isa = XCSwiftPackageProductDependency;
			productName = ShikimoriAPI;
		};
		83EE3BDA2CD01AB30082B692 /* Kingfisher */ = {
			isa = XCSwiftPackageProductDependency;
			package = 83EE3BD92CD01AB30082B692 /* XCRemoteSwiftPackageReference "Kingfisher" */;
			productName = Kingfisher;
		};
/* End XCSwiftPackageProductDependency section */
	};
	rootObject = 832398002C6B921C00EC4833 /* Project object */;
}
